// !$*UTF8*$!
{
	archiveVersion = 1;
	classes = {
	};
	objectVersion = 50;
	objects = {

/* Begin PBXBuildFile section */
		930105902513F8A1007F0E7A /* Date + Extensions.swift in Sources */ = {isa = PBXBuildFile; fileRef = 9301058F2513F8A1007F0E7A /* Date + Extensions.swift */; };
		930105922514E0B9007F0E7A /* Modifiers.swift in Sources */ = {isa = PBXBuildFile; fileRef = 930105912514E0B9007F0E7A /* Modifiers.swift */; };
		9305EBF224EB694E00E1DB0F /* AddMoodView.swift in Sources */ = {isa = PBXBuildFile; fileRef = 9305EBF124EB694E00E1DB0F /* AddMoodView.swift */; };
		931476A624F574980031D913 /* CustomTextFieldStyle.swift in Sources */ = {isa = PBXBuildFile; fileRef = 931476A524F574980031D913 /* CustomTextFieldStyle.swift */; };
		9331230824F94C17008B6DD2 /* Animation + Extension.swift in Sources */ = {isa = PBXBuildFile; fileRef = 9331230724F94C17008B6DD2 /* Animation + Extension.swift */; };
		93388BE0250FAAA700766633 /* ForceButton.swift in Sources */ = {isa = PBXBuildFile; fileRef = 93388BDF250FAAA700766633 /* ForceButton.swift */; };
		93519F5024E8CF630095DA38 /* MomoAppApp.swift in Sources */ = {isa = PBXBuildFile; fileRef = 93519F4F24E8CF630095DA38 /* MomoAppApp.swift */; };
		93519F5224E8CF630095DA38 /* ContentView.swift in Sources */ = {isa = PBXBuildFile; fileRef = 93519F5124E8CF630095DA38 /* ContentView.swift */; };
		93519F5424E8CF640095DA38 /* Assets.xcassets in Resources */ = {isa = PBXBuildFile; fileRef = 93519F5324E8CF640095DA38 /* Assets.xcassets */; };
		93519F5724E8CF640095DA38 /* Preview Assets.xcassets in Resources */ = {isa = PBXBuildFile; fileRef = 93519F5624E8CF640095DA38 /* Preview Assets.xcassets */; };
		93519F5F24E8D0090095DA38 /* BlobShape.swift in Sources */ = {isa = PBXBuildFile; fileRef = 93519F5E24E8D0090095DA38 /* BlobShape.swift */; };
		935FD32F24EA2E23008568FA /* ArcShape.swift in Sources */ = {isa = PBXBuildFile; fileRef = 935FD32E24EA2E23008568FA /* ArcShape.swift */; };
		9363153A2513A6B6005E20EA /* RainbowRing.swift in Sources */ = {isa = PBXBuildFile; fileRef = 936315392513A6B6005E20EA /* RainbowRing.swift */; };
		936C6CD625112E6A00650D4A /* AnimatableGradient.swift in Sources */ = {isa = PBXBuildFile; fileRef = 936C6CD525112E6A00650D4A /* AnimatableGradient.swift */; };
		937615862511D22300AEF59C /* CGPoint + Extension.swift in Sources */ = {isa = PBXBuildFile; fileRef = 937615852511D22300AEF59C /* CGPoint + Extension.swift */; };
		937615882512527100AEF59C /* UIScreen + Extension.swift in Sources */ = {isa = PBXBuildFile; fileRef = 937615872512527100AEF59C /* UIScreen + Extension.swift */; };
		9376158C2512580300AEF59C /* CircleButton.swift in Sources */ = {isa = PBXBuildFile; fileRef = 9376158B2512580300AEF59C /* CircleButton.swift */; };
		9376158E2512581A00AEF59C /* MomoButton.swift in Sources */ = {isa = PBXBuildFile; fileRef = 9376158D2512581A00AEF59C /* MomoButton.swift */; };
		937688DD24F987E400CC0B10 /* Animator.swift in Sources */ = {isa = PBXBuildFile; fileRef = 937688DC24F987E400CC0B10 /* Animator.swift */; };
		937688E124F98E9500CC0B10 /* CustomView.swift in Sources */ = {isa = PBXBuildFile; fileRef = 937688E024F98E9500CC0B10 /* CustomView.swift */; };
		9383FBD02514E48E00E38E95 /* DMSans-Regular.ttf in Resources */ = {isa = PBXBuildFile; fileRef = 9383FBC92514E48E00E38E95 /* DMSans-Regular.ttf */; };
		9383FBD12514E48E00E38E95 /* DMSans-Medium.ttf in Resources */ = {isa = PBXBuildFile; fileRef = 9383FBCA2514E48E00E38E95 /* DMSans-Medium.ttf */; };
		9383FBD22514E48E00E38E95 /* DMSans-Bold.ttf in Resources */ = {isa = PBXBuildFile; fileRef = 9383FBCB2514E48E00E38E95 /* DMSans-Bold.ttf */; };
		9383FBD32514E48E00E38E95 /* DMSans-BoldItalic.ttf in Resources */ = {isa = PBXBuildFile; fileRef = 9383FBCC2514E48E00E38E95 /* DMSans-BoldItalic.ttf */; };
		9383FBD42514E48E00E38E95 /* OFL.txt in Resources */ = {isa = PBXBuildFile; fileRef = 9383FBCD2514E48E00E38E95 /* OFL.txt */; };
		9383FBD52514E48E00E38E95 /* DMSans-MediumItalic.ttf in Resources */ = {isa = PBXBuildFile; fileRef = 9383FBCE2514E48E00E38E95 /* DMSans-MediumItalic.ttf */; };
		9383FBD62514E48E00E38E95 /* DMSans-Italic.ttf in Resources */ = {isa = PBXBuildFile; fileRef = 9383FBCF2514E48E00E38E95 /* DMSans-Italic.ttf */; };
		938E537124E983F3002653F0 /* UIBezierPath + Extension.swift in Sources */ = {isa = PBXBuildFile; fileRef = 938E536F24E983F3002653F0 /* UIBezierPath + Extension.swift */; };
		938E537224E983F3002653F0 /* UIColor + Extension.swift in Sources */ = {isa = PBXBuildFile; fileRef = 938E537024E983F3002653F0 /* UIColor + Extension.swift */; };
		93976DE724EB6ABF0018C667 /* HomeView.swift in Sources */ = {isa = PBXBuildFile; fileRef = 93976DE624EB6ABF0018C667 /* HomeView.swift */; };
		93A65BFC250FDF1600BF756A /* CustomSlider.swift in Sources */ = {isa = PBXBuildFile; fileRef = 93A65BFB250FDF1600BF756A /* CustomSlider.swift */; };
		93A65BFE250FE0EE00BF756A /* CGFloat + Extension.swift in Sources */ = {isa = PBXBuildFile; fileRef = 93A65BFD250FE0EE00BF756A /* CGFloat + Extension.swift */; };
		93F0760024F1D9BC000B6449 /* TextLimiter.swift in Sources */ = {isa = PBXBuildFile; fileRef = 93F075FF24F1D9BC000B6449 /* TextLimiter.swift */; };
/* End PBXBuildFile section */

/* Begin PBXFileReference section */
		9301058F2513F8A1007F0E7A /* Date + Extensions.swift */ = {isa = PBXFileReference; lastKnownFileType = sourcecode.swift; path = "Date + Extensions.swift"; sourceTree = "<group>"; };
		930105912514E0B9007F0E7A /* Modifiers.swift */ = {isa = PBXFileReference; lastKnownFileType = sourcecode.swift; path = Modifiers.swift; sourceTree = "<group>"; };
		9305EBF124EB694E00E1DB0F /* AddMoodView.swift */ = {isa = PBXFileReference; lastKnownFileType = sourcecode.swift; path = AddMoodView.swift; sourceTree = "<group>"; };
		931476A524F574980031D913 /* CustomTextFieldStyle.swift */ = {isa = PBXFileReference; lastKnownFileType = sourcecode.swift; path = CustomTextFieldStyle.swift; sourceTree = "<group>"; };
		9331230724F94C17008B6DD2 /* Animation + Extension.swift */ = {isa = PBXFileReference; lastKnownFileType = sourcecode.swift; path = "Animation + Extension.swift"; sourceTree = "<group>"; };
		93388BDF250FAAA700766633 /* ForceButton.swift */ = {isa = PBXFileReference; lastKnownFileType = sourcecode.swift; path = ForceButton.swift; sourceTree = "<group>"; };
		93519F4C24E8CF630095DA38 /* MomoApp.app */ = {isa = PBXFileReference; explicitFileType = wrapper.application; includeInIndex = 0; path = MomoApp.app; sourceTree = BUILT_PRODUCTS_DIR; };
		93519F4F24E8CF630095DA38 /* MomoAppApp.swift */ = {isa = PBXFileReference; lastKnownFileType = sourcecode.swift; path = MomoAppApp.swift; sourceTree = "<group>"; };
		93519F5124E8CF630095DA38 /* ContentView.swift */ = {isa = PBXFileReference; lastKnownFileType = sourcecode.swift; path = ContentView.swift; sourceTree = "<group>"; };
		93519F5324E8CF640095DA38 /* Assets.xcassets */ = {isa = PBXFileReference; lastKnownFileType = folder.assetcatalog; path = Assets.xcassets; sourceTree = "<group>"; };
		93519F5624E8CF640095DA38 /* Preview Assets.xcassets */ = {isa = PBXFileReference; lastKnownFileType = folder.assetcatalog; path = "Preview Assets.xcassets"; sourceTree = "<group>"; };
		93519F5824E8CF640095DA38 /* Info.plist */ = {isa = PBXFileReference; lastKnownFileType = text.plist.xml; path = Info.plist; sourceTree = "<group>"; };
		93519F5E24E8D0090095DA38 /* BlobShape.swift */ = {isa = PBXFileReference; lastKnownFileType = sourcecode.swift; path = BlobShape.swift; sourceTree = "<group>"; };
		935FD32E24EA2E23008568FA /* ArcShape.swift */ = {isa = PBXFileReference; lastKnownFileType = sourcecode.swift; path = ArcShape.swift; sourceTree = "<group>"; };
		936315392513A6B6005E20EA /* RainbowRing.swift */ = {isa = PBXFileReference; lastKnownFileType = sourcecode.swift; path = RainbowRing.swift; sourceTree = "<group>"; };
		936C6CD525112E6A00650D4A /* AnimatableGradient.swift */ = {isa = PBXFileReference; lastKnownFileType = sourcecode.swift; path = AnimatableGradient.swift; sourceTree = "<group>"; };
		937615852511D22300AEF59C /* CGPoint + Extension.swift */ = {isa = PBXFileReference; lastKnownFileType = sourcecode.swift; path = "CGPoint + Extension.swift"; sourceTree = "<group>"; };
		937615872512527100AEF59C /* UIScreen + Extension.swift */ = {isa = PBXFileReference; lastKnownFileType = sourcecode.swift; path = "UIScreen + Extension.swift"; sourceTree = "<group>"; };
		9376158B2512580300AEF59C /* CircleButton.swift */ = {isa = PBXFileReference; lastKnownFileType = sourcecode.swift; path = CircleButton.swift; sourceTree = "<group>"; };
		9376158D2512581A00AEF59C /* MomoButton.swift */ = {isa = PBXFileReference; lastKnownFileType = sourcecode.swift; path = MomoButton.swift; sourceTree = "<group>"; };
		937688DC24F987E400CC0B10 /* Animator.swift */ = {isa = PBXFileReference; lastKnownFileType = sourcecode.swift; path = Animator.swift; sourceTree = "<group>"; };
		937688E024F98E9500CC0B10 /* CustomView.swift */ = {isa = PBXFileReference; lastKnownFileType = sourcecode.swift; path = CustomView.swift; sourceTree = "<group>"; };
		9383FBC92514E48E00E38E95 /* DMSans-Regular.ttf */ = {isa = PBXFileReference; lastKnownFileType = file; path = "DMSans-Regular.ttf"; sourceTree = "<group>"; };
		9383FBCA2514E48E00E38E95 /* DMSans-Medium.ttf */ = {isa = PBXFileReference; lastKnownFileType = file; path = "DMSans-Medium.ttf"; sourceTree = "<group>"; };
		9383FBCB2514E48E00E38E95 /* DMSans-Bold.ttf */ = {isa = PBXFileReference; lastKnownFileType = file; path = "DMSans-Bold.ttf"; sourceTree = "<group>"; };
		9383FBCC2514E48E00E38E95 /* DMSans-BoldItalic.ttf */ = {isa = PBXFileReference; lastKnownFileType = file; path = "DMSans-BoldItalic.ttf"; sourceTree = "<group>"; };
		9383FBCD2514E48E00E38E95 /* OFL.txt */ = {isa = PBXFileReference; fileEncoding = 4; lastKnownFileType = text; path = OFL.txt; sourceTree = "<group>"; };
		9383FBCE2514E48E00E38E95 /* DMSans-MediumItalic.ttf */ = {isa = PBXFileReference; lastKnownFileType = file; path = "DMSans-MediumItalic.ttf"; sourceTree = "<group>"; };
		9383FBCF2514E48E00E38E95 /* DMSans-Italic.ttf */ = {isa = PBXFileReference; lastKnownFileType = file; path = "DMSans-Italic.ttf"; sourceTree = "<group>"; };
		938E536F24E983F3002653F0 /* UIBezierPath + Extension.swift */ = {isa = PBXFileReference; fileEncoding = 4; lastKnownFileType = sourcecode.swift; path = "UIBezierPath + Extension.swift"; sourceTree = "<group>"; };
		938E537024E983F3002653F0 /* UIColor + Extension.swift */ = {isa = PBXFileReference; fileEncoding = 4; lastKnownFileType = sourcecode.swift; path = "UIColor + Extension.swift"; sourceTree = "<group>"; };
		93976DE624EB6ABF0018C667 /* HomeView.swift */ = {isa = PBXFileReference; lastKnownFileType = sourcecode.swift; path = HomeView.swift; sourceTree = "<group>"; };
		93A65BFB250FDF1600BF756A /* CustomSlider.swift */ = {isa = PBXFileReference; lastKnownFileType = sourcecode.swift; path = CustomSlider.swift; sourceTree = "<group>"; };
		93A65BFD250FE0EE00BF756A /* CGFloat + Extension.swift */ = {isa = PBXFileReference; lastKnownFileType = sourcecode.swift; path = "CGFloat + Extension.swift"; sourceTree = "<group>"; };
		93F075FF24F1D9BC000B6449 /* TextLimiter.swift */ = {isa = PBXFileReference; lastKnownFileType = sourcecode.swift; path = TextLimiter.swift; sourceTree = "<group>"; };
/* End PBXFileReference section */

/* Begin PBXFrameworksBuildPhase section */
		93519F4924E8CF630095DA38 /* Frameworks */ = {
			isa = PBXFrameworksBuildPhase;
			buildActionMask = 2147483647;
			files = (
			);
			runOnlyForDeploymentPostprocessing = 0;
		};
/* End PBXFrameworksBuildPhase section */

/* Begin PBXGroup section */
		930105932514E0BF007F0E7A /* Modifiers */ = {
			isa = PBXGroup;
			children = (
				930105912514E0B9007F0E7A /* Modifiers.swift */,
			);
			path = Modifiers;
			sourceTree = "<group>";
		};
		9305EBF324EB69DB00E1DB0F /* Views */ = {
			isa = PBXGroup;
			children = (
				9376158B2512580300AEF59C /* CircleButton.swift */,
				936315392513A6B6005E20EA /* RainbowRing.swift */,
				9376158D2512581A00AEF59C /* MomoButton.swift */,
			);
			path = Views;
			sourceTree = "<group>";
		};
		933B150324F1B30C004E9F1C /* Navigation */ = {
			isa = PBXGroup;
			children = (
				93976DE624EB6ABF0018C667 /* HomeView.swift */,
				9305EBF124EB694E00E1DB0F /* AddMoodView.swift */,
				93519F5124E8CF630095DA38 /* ContentView.swift */,
			);
			path = Navigation;
			sourceTree = "<group>";
		};
		93519F4324E8CF630095DA38 = {
			isa = PBXGroup;
			children = (
				93519F4E24E8CF630095DA38 /* MomoApp */,
				93519F4D24E8CF630095DA38 /* Products */,
			);
			sourceTree = "<group>";
		};
		93519F4D24E8CF630095DA38 /* Products */ = {
			isa = PBXGroup;
			children = (
				93519F4C24E8CF630095DA38 /* MomoApp.app */,
			);
			name = Products;
			sourceTree = "<group>";
		};
		93519F4E24E8CF630095DA38 /* MomoApp */ = {
			isa = PBXGroup;
			children = (
				936C6CD425112E1B00650D4A /* Old */,
				93519F4F24E8CF630095DA38 /* MomoAppApp.swift */,
				93F075FF24F1D9BC000B6449 /* TextLimiter.swift */,
				93A65BFB250FDF1600BF756A /* CustomSlider.swift */,
				931476A524F574980031D913 /* CustomTextFieldStyle.swift */,
				936C6CD525112E6A00650D4A /* AnimatableGradient.swift */,
				933B150324F1B30C004E9F1C /* Navigation */,
				9305EBF324EB69DB00E1DB0F /* Views */,
				93722F3724F7E43B00274E9F /* Shapes */,
				930105932514E0BF007F0E7A /* Modifiers */,
				938E537324E983F8002653F0 /* Extensions */,
				93519F5324E8CF640095DA38 /* Assets.xcassets */,
				9383FBC82514E48E00E38E95 /* DM_Sans */,
				93519F5824E8CF640095DA38 /* Info.plist */,
				93519F5524E8CF640095DA38 /* Preview Content */,
			);
			path = MomoApp;
			sourceTree = "<group>";
		};
		93519F5524E8CF640095DA38 /* Preview Content */ = {
			isa = PBXGroup;
			children = (
				93519F5624E8CF640095DA38 /* Preview Assets.xcassets */,
			);
			path = "Preview Content";
			sourceTree = "<group>";
		};
		936C6CD425112E1B00650D4A /* Old */ = {
			isa = PBXGroup;
			children = (
				935FD32E24EA2E23008568FA /* ArcShape.swift */,
				937688DC24F987E400CC0B10 /* Animator.swift */,
				93388BDF250FAAA700766633 /* ForceButton.swift */,
				937688E024F98E9500CC0B10 /* CustomView.swift */,
			);
			path = Old;
			sourceTree = "<group>";
		};
		93722F3724F7E43B00274E9F /* Shapes */ = {
			isa = PBXGroup;
			children = (
				93519F5E24E8D0090095DA38 /* BlobShape.swift */,
			);
			path = Shapes;
			sourceTree = "<group>";
		};
		9383FBC82514E48E00E38E95 /* DM_Sans */ = {
			isa = PBXGroup;
			children = (
				9383FBC92514E48E00E38E95 /* DMSans-Regular.ttf */,
				9383FBCA2514E48E00E38E95 /* DMSans-Medium.ttf */,
				9383FBCB2514E48E00E38E95 /* DMSans-Bold.ttf */,
				9383FBCC2514E48E00E38E95 /* DMSans-BoldItalic.ttf */,
				9383FBCD2514E48E00E38E95 /* OFL.txt */,
				9383FBCE2514E48E00E38E95 /* DMSans-MediumItalic.ttf */,
				9383FBCF2514E48E00E38E95 /* DMSans-Italic.ttf */,
			);
			path = DM_Sans;
			sourceTree = "<group>";
		};
		938E537324E983F8002653F0 /* Extensions */ = {
			isa = PBXGroup;
			children = (
				938E536F24E983F3002653F0 /* UIBezierPath + Extension.swift */,
				9331230724F94C17008B6DD2 /* Animation + Extension.swift */,
				938E537024E983F3002653F0 /* UIColor + Extension.swift */,
				937615852511D22300AEF59C /* CGPoint + Extension.swift */,
				93A65BFD250FE0EE00BF756A /* CGFloat + Extension.swift */,
				937615872512527100AEF59C /* UIScreen + Extension.swift */,
				9301058F2513F8A1007F0E7A /* Date + Extensions.swift */,
			);
			path = Extensions;
			sourceTree = "<group>";
		};
/* End PBXGroup section */

/* Begin PBXNativeTarget section */
		93519F4B24E8CF630095DA38 /* MomoApp */ = {
			isa = PBXNativeTarget;
			buildConfigurationList = 93519F5B24E8CF640095DA38 /* Build configuration list for PBXNativeTarget "MomoApp" */;
			buildPhases = (
				93519F4824E8CF630095DA38 /* Sources */,
				93519F4924E8CF630095DA38 /* Frameworks */,
				93519F4A24E8CF630095DA38 /* Resources */,
			);
			buildRules = (
			);
			dependencies = (
			);
			name = MomoApp;
			productName = MomoApp;
			productReference = 93519F4C24E8CF630095DA38 /* MomoApp.app */;
			productType = "com.apple.product-type.application";
		};
/* End PBXNativeTarget section */

/* Begin PBXProject section */
		93519F4424E8CF630095DA38 /* Project object */ = {
			isa = PBXProject;
			attributes = {
				LastSwiftUpdateCheck = 1200;
				LastUpgradeCheck = 1200;
				TargetAttributes = {
					93519F4B24E8CF630095DA38 = {
						CreatedOnToolsVersion = 12.0;
					};
				};
			};
			buildConfigurationList = 93519F4724E8CF630095DA38 /* Build configuration list for PBXProject "MomoApp" */;
			compatibilityVersion = "Xcode 9.3";
			developmentRegion = en;
			hasScannedForEncodings = 0;
			knownRegions = (
				en,
				Base,
			);
			mainGroup = 93519F4324E8CF630095DA38;
			productRefGroup = 93519F4D24E8CF630095DA38 /* Products */;
			projectDirPath = "";
			projectRoot = "";
			targets = (
				93519F4B24E8CF630095DA38 /* MomoApp */,
			);
		};
/* End PBXProject section */

/* Begin PBXResourcesBuildPhase section */
		93519F4A24E8CF630095DA38 /* Resources */ = {
			isa = PBXResourcesBuildPhase;
			buildActionMask = 2147483647;
			files = (
				9383FBD42514E48E00E38E95 /* OFL.txt in Resources */,
				9383FBD62514E48E00E38E95 /* DMSans-Italic.ttf in Resources */,
				9383FBD02514E48E00E38E95 /* DMSans-Regular.ttf in Resources */,
				9383FBD22514E48E00E38E95 /* DMSans-Bold.ttf in Resources */,
				9383FBD12514E48E00E38E95 /* DMSans-Medium.ttf in Resources */,
				93519F5724E8CF640095DA38 /* Preview Assets.xcassets in Resources */,
				9383FBD52514E48E00E38E95 /* DMSans-MediumItalic.ttf in Resources */,
				93519F5424E8CF640095DA38 /* Assets.xcassets in Resources */,
				9383FBD32514E48E00E38E95 /* DMSans-BoldItalic.ttf in Resources */,
			);
			runOnlyForDeploymentPostprocessing = 0;
		};
/* End PBXResourcesBuildPhase section */

/* Begin PBXSourcesBuildPhase section */
		93519F4824E8CF630095DA38 /* Sources */ = {
			isa = PBXSourcesBuildPhase;
			buildActionMask = 2147483647;
			files = (
				9376158C2512580300AEF59C /* CircleButton.swift in Sources */,
				930105902513F8A1007F0E7A /* Date + Extensions.swift in Sources */,
				93519F5F24E8D0090095DA38 /* BlobShape.swift in Sources */,
				93A65BFC250FDF1600BF756A /* CustomSlider.swift in Sources */,
				930105922514E0B9007F0E7A /* Modifiers.swift in Sources */,
				938E537124E983F3002653F0 /* UIBezierPath + Extension.swift in Sources */,
				931476A624F574980031D913 /* CustomTextFieldStyle.swift in Sources */,
				9305EBF224EB694E00E1DB0F /* AddMoodView.swift in Sources */,
				93976DE724EB6ABF0018C667 /* HomeView.swift in Sources */,
				935FD32F24EA2E23008568FA /* ArcShape.swift in Sources */,
				937615882512527100AEF59C /* UIScreen + Extension.swift in Sources */,
				9331230824F94C17008B6DD2 /* Animation + Extension.swift in Sources */,
				937615862511D22300AEF59C /* CGPoint + Extension.swift in Sources */,
				937688DD24F987E400CC0B10 /* Animator.swift in Sources */,
				9376158E2512581A00AEF59C /* MomoButton.swift in Sources */,
				93519F5224E8CF630095DA38 /* ContentView.swift in Sources */,
				938E537224E983F3002653F0 /* UIColor + Extension.swift in Sources */,
				93F0760024F1D9BC000B6449 /* TextLimiter.swift in Sources */,
				9363153A2513A6B6005E20EA /* RainbowRing.swift in Sources */,
				93A65BFE250FE0EE00BF756A /* CGFloat + Extension.swift in Sources */,
				93519F5024E8CF630095DA38 /* MomoAppApp.swift in Sources */,
				937688E124F98E9500CC0B10 /* CustomView.swift in Sources */,
				936C6CD625112E6A00650D4A /* AnimatableGradient.swift in Sources */,
				93388BE0250FAAA700766633 /* ForceButton.swift in Sources */,
			);
			runOnlyForDeploymentPostprocessing = 0;
		};
/* End PBXSourcesBuildPhase section */

/* Begin XCBuildConfiguration section */
		93519F5924E8CF640095DA38 /* Debug */ = {
			isa = XCBuildConfiguration;
			buildSettings = {
				ALWAYS_SEARCH_USER_PATHS = NO;
				CLANG_ANALYZER_NONNULL = YES;
				CLANG_ANALYZER_NUMBER_OBJECT_CONVERSION = YES_AGGRESSIVE;
				CLANG_CXX_LANGUAGE_STANDARD = "gnu++14";
				CLANG_CXX_LIBRARY = "libc++";
				CLANG_ENABLE_MODULES = YES;
				CLANG_ENABLE_OBJC_ARC = YES;
				CLANG_ENABLE_OBJC_WEAK = YES;
				CLANG_WARN_BLOCK_CAPTURE_AUTORELEASING = YES;
				CLANG_WARN_BOOL_CONVERSION = YES;
				CLANG_WARN_COMMA = YES;
				CLANG_WARN_CONSTANT_CONVERSION = YES;
				CLANG_WARN_DEPRECATED_OBJC_IMPLEMENTATIONS = YES;
				CLANG_WARN_DIRECT_OBJC_ISA_USAGE = YES_ERROR;
				CLANG_WARN_DOCUMENTATION_COMMENTS = YES;
				CLANG_WARN_EMPTY_BODY = YES;
				CLANG_WARN_ENUM_CONVERSION = YES;
				CLANG_WARN_INFINITE_RECURSION = YES;
				CLANG_WARN_INT_CONVERSION = YES;
				CLANG_WARN_NON_LITERAL_NULL_CONVERSION = YES;
				CLANG_WARN_OBJC_IMPLICIT_RETAIN_SELF = YES;
				CLANG_WARN_OBJC_LITERAL_CONVERSION = YES;
				CLANG_WARN_OBJC_ROOT_CLASS = YES_ERROR;
				CLANG_WARN_QUOTED_INCLUDE_IN_FRAMEWORK_HEADER = YES;
				CLANG_WARN_RANGE_LOOP_ANALYSIS = YES;
				CLANG_WARN_STRICT_PROTOTYPES = YES;
				CLANG_WARN_SUSPICIOUS_MOVE = YES;
				CLANG_WARN_UNGUARDED_AVAILABILITY = YES_AGGRESSIVE;
				CLANG_WARN_UNREACHABLE_CODE = YES;
				CLANG_WARN__DUPLICATE_METHOD_MATCH = YES;
				COPY_PHASE_STRIP = NO;
				DEBUG_INFORMATION_FORMAT = dwarf;
				ENABLE_STRICT_OBJC_MSGSEND = YES;
				ENABLE_TESTABILITY = YES;
				GCC_C_LANGUAGE_STANDARD = gnu11;
				GCC_DYNAMIC_NO_PIC = NO;
				GCC_NO_COMMON_BLOCKS = YES;
				GCC_OPTIMIZATION_LEVEL = 0;
				GCC_PREPROCESSOR_DEFINITIONS = (
					"DEBUG=1",
					"$(inherited)",
				);
				GCC_WARN_64_TO_32_BIT_CONVERSION = YES;
				GCC_WARN_ABOUT_RETURN_TYPE = YES_ERROR;
				GCC_WARN_UNDECLARED_SELECTOR = YES;
				GCC_WARN_UNINITIALIZED_AUTOS = YES_AGGRESSIVE;
				GCC_WARN_UNUSED_FUNCTION = YES;
				GCC_WARN_UNUSED_VARIABLE = YES;
				IPHONEOS_DEPLOYMENT_TARGET = 14.0;
				MTL_ENABLE_DEBUG_INFO = INCLUDE_SOURCE;
				MTL_FAST_MATH = YES;
				ONLY_ACTIVE_ARCH = YES;
				SDKROOT = iphoneos;
				SWIFT_ACTIVE_COMPILATION_CONDITIONS = DEBUG;
				SWIFT_OPTIMIZATION_LEVEL = "-Onone";
			};
			name = Debug;
		};
		93519F5A24E8CF640095DA38 /* Release */ = {
			isa = XCBuildConfiguration;
			buildSettings = {
				ALWAYS_SEARCH_USER_PATHS = NO;
				CLANG_ANALYZER_NONNULL = YES;
				CLANG_ANALYZER_NUMBER_OBJECT_CONVERSION = YES_AGGRESSIVE;
				CLANG_CXX_LANGUAGE_STANDARD = "gnu++14";
				CLANG_CXX_LIBRARY = "libc++";
				CLANG_ENABLE_MODULES = YES;
				CLANG_ENABLE_OBJC_ARC = YES;
				CLANG_ENABLE_OBJC_WEAK = YES;
				CLANG_WARN_BLOCK_CAPTURE_AUTORELEASING = YES;
				CLANG_WARN_BOOL_CONVERSION = YES;
				CLANG_WARN_COMMA = YES;
				CLANG_WARN_CONSTANT_CONVERSION = YES;
				CLANG_WARN_DEPRECATED_OBJC_IMPLEMENTATIONS = YES;
				CLANG_WARN_DIRECT_OBJC_ISA_USAGE = YES_ERROR;
				CLANG_WARN_DOCUMENTATION_COMMENTS = YES;
				CLANG_WARN_EMPTY_BODY = YES;
				CLANG_WARN_ENUM_CONVERSION = YES;
				CLANG_WARN_INFINITE_RECURSION = YES;
				CLANG_WARN_INT_CONVERSION = YES;
				CLANG_WARN_NON_LITERAL_NULL_CONVERSION = YES;
				CLANG_WARN_OBJC_IMPLICIT_RETAIN_SELF = YES;
				CLANG_WARN_OBJC_LITERAL_CONVERSION = YES;
				CLANG_WARN_OBJC_ROOT_CLASS = YES_ERROR;
				CLANG_WARN_QUOTED_INCLUDE_IN_FRAMEWORK_HEADER = YES;
				CLANG_WARN_RANGE_LOOP_ANALYSIS = YES;
				CLANG_WARN_STRICT_PROTOTYPES = YES;
				CLANG_WARN_SUSPICIOUS_MOVE = YES;
				CLANG_WARN_UNGUARDED_AVAILABILITY = YES_AGGRESSIVE;
				CLANG_WARN_UNREACHABLE_CODE = YES;
				CLANG_WARN__DUPLICATE_METHOD_MATCH = YES;
				COPY_PHASE_STRIP = NO;
				DEBUG_INFORMATION_FORMAT = "dwarf-with-dsym";
				ENABLE_NS_ASSERTIONS = NO;
				ENABLE_STRICT_OBJC_MSGSEND = YES;
				GCC_C_LANGUAGE_STANDARD = gnu11;
				GCC_NO_COMMON_BLOCKS = YES;
				GCC_WARN_64_TO_32_BIT_CONVERSION = YES;
				GCC_WARN_ABOUT_RETURN_TYPE = YES_ERROR;
				GCC_WARN_UNDECLARED_SELECTOR = YES;
				GCC_WARN_UNINITIALIZED_AUTOS = YES_AGGRESSIVE;
				GCC_WARN_UNUSED_FUNCTION = YES;
				GCC_WARN_UNUSED_VARIABLE = YES;
				IPHONEOS_DEPLOYMENT_TARGET = 14.0;
				MTL_ENABLE_DEBUG_INFO = NO;
				MTL_FAST_MATH = YES;
				SDKROOT = iphoneos;
				SWIFT_COMPILATION_MODE = wholemodule;
				SWIFT_OPTIMIZATION_LEVEL = "-O";
				VALIDATE_PRODUCT = YES;
			};
			name = Release;
		};
		93519F5C24E8CF640095DA38 /* Debug */ = {
			isa = XCBuildConfiguration;
			buildSettings = {
				ASSETCATALOG_COMPILER_APPICON_NAME = AppIcon;
				ASSETCATALOG_COMPILER_GLOBAL_ACCENT_COLOR_NAME = AccentColor;
				CODE_SIGN_STYLE = Automatic;
				DEVELOPMENT_ASSET_PATHS = "\"MomoApp/Preview Content\"";
				DEVELOPMENT_TEAM = A5L5S7CN8F;
				ENABLE_PREVIEWS = YES;
				INFOPLIST_FILE = MomoApp/Info.plist;
				IPHONEOS_DEPLOYMENT_TARGET = 14.0;
				LD_RUNPATH_SEARCH_PATHS = (
					"$(inherited)",
					"@executable_path/Frameworks",
				);
				PRODUCT_BUNDLE_IDENTIFIER = com.prsclla.MomoApp;
				PRODUCT_NAME = "$(TARGET_NAME)";
				SWIFT_VERSION = 5.0;
				TARGETED_DEVICE_FAMILY = "1,2";
			};
			name = Debug;
		};
		93519F5D24E8CF640095DA38 /* Release */ = {
			isa = XCBuildConfiguration;
			buildSettings = {
				ASSETCATALOG_COMPILER_APPICON_NAME = AppIcon;
				ASSETCATALOG_COMPILER_GLOBAL_ACCENT_COLOR_NAME = AccentColor;
				CODE_SIGN_STYLE = Automatic;
				DEVELOPMENT_ASSET_PATHS = "\"MomoApp/Preview Content\"";
				DEVELOPMENT_TEAM = A5L5S7CN8F;
				ENABLE_PREVIEWS = YES;
				INFOPLIST_FILE = MomoApp/Info.plist;
				IPHONEOS_DEPLOYMENT_TARGET = 14.0;
				LD_RUNPATH_SEARCH_PATHS = (
					"$(inherited)",
					"@executable_path/Frameworks",
				);
				PRODUCT_BUNDLE_IDENTIFIER = com.prsclla.MomoApp;
				PRODUCT_NAME = "$(TARGET_NAME)";
				SWIFT_VERSION = 5.0;
				TARGETED_DEVICE_FAMILY = "1,2";
			};
			name = Release;
		};
/* End XCBuildConfiguration section */

/* Begin XCConfigurationList section */
		93519F4724E8CF630095DA38 /* Build configuration list for PBXProject "MomoApp" */ = {
			isa = XCConfigurationList;
			buildConfigurations = (
				93519F5924E8CF640095DA38 /* Debug */,
				93519F5A24E8CF640095DA38 /* Release */,
			);
			defaultConfigurationIsVisible = 0;
			defaultConfigurationName = Release;
		};
		93519F5B24E8CF640095DA38 /* Build configuration list for PBXNativeTarget "MomoApp" */ = {
			isa = XCConfigurationList;
			buildConfigurations = (
				93519F5C24E8CF640095DA38 /* Debug */,
				93519F5D24E8CF640095DA38 /* Release */,
			);
			defaultConfigurationIsVisible = 0;
			defaultConfigurationName = Release;
		};
/* End XCConfigurationList section */
	};
	rootObject = 93519F4424E8CF630095DA38 /* Project object */;
}
